
Microsoft Visual Studio Solution File, Format Version 12.00
# Visual Studio Version 17
VisualStudioVersion = 17.3.32929.385
MinimumVisualStudioVersion = 10.0.40219.1
Project("{FAE04EC0-301F-11D3-BF4B-00C04F79EFBC}") = "BookStoreApp", "BookStoreApp\BookStoreApp.csproj", "{671E78FE-F836-4B78-83EB-8636B897BEBF}"
EndProject
Global
	GlobalSection(SolutionConfigurationPlatforms) = preSolution
		Debug|Any CPU = Debug|Any CPU
		Release|Any CPU = Release|Any CPU
	EndGlobalSection
	GlobalSection(ProjectConfigurationPlatforms) = postSolution
		{671E78FE-F836-4B78-83EB-8636B897BEBF}.Debug|Any CPU.ActiveCfg = Debug|Any CPU
		{671E78FE-F836-4B78-83EB-8636B897BEBF}.Debug|Any CPU.Build.0 = Debug|Any CPU
		{671E78FE-F836-4B78-83EB-8636B897BEBF}.Release|Any CPU.ActiveCfg = Release|Any CPU
		{671E78FE-F836-4B78-83EB-8636B897BEBF}.Release|Any CPU.Build.0 = Release|Any CPU
	EndGlobalSection
	GlobalSection(SolutionProperties) = preSolution
		HideSolutionNode = FALSE
	EndGlobalSection
	GlobalSection(ExtensibilityGlobals) = postSolution
		SolutionGuid = {9167DCC2-72A3-40F0-9B25-A40B0DFFE6C9}
	EndGlobalSection
EndGlobal
